// !$*UTF8*$!
{
	archiveVersion = 1;
	classes = {
	};
	objectVersion = 56;
	objects = {

/* Begin PBXBuildFile section */
		805E54E33B4E05A58275CDBB /* Pods_finalTests.framework in Frameworks */ = {isa = PBXBuildFile; fileRef = BBCC518BDAF2CC2652DFB46D /* Pods_finalTests.framework */; };
		C8F010BDFE3CA0CFF6238210 /* Pods_final_finalUITests.framework in Frameworks */ = {isa = PBXBuildFile; fileRef = 1360FCE726D47AFD46216CDE /* Pods_final_finalUITests.framework */; };
		FF8893142A22D6F900FAB79B /* ContactsVC.swift in Sources */ = {isa = PBXBuildFile; fileRef = FF8893132A22D6F900FAB79B /* ContactsVC.swift */; };
		FF8893162A22E5B700FAB79B /* TabVC.swift in Sources */ = {isa = PBXBuildFile; fileRef = FF8893152A22E5B700FAB79B /* TabVC.swift */; };
		FF8893182A22E87600FAB79B /* ContactsCell.swift in Sources */ = {isa = PBXBuildFile; fileRef = FF8893172A22E87600FAB79B /* ContactsCell.swift */; };
		FFB278F87B2EB167AB697CDA /* Pods_final.framework in Frameworks */ = {isa = PBXBuildFile; fileRef = CBCFB35C9CDD5785B9F0BC91 /* Pods_final.framework */; };
		FFD977CB2A2235B500846769 /* AppDelegate.swift in Sources */ = {isa = PBXBuildFile; fileRef = FFD977CA2A2235B500846769 /* AppDelegate.swift */; };
		FFD977CD2A2235B500846769 /* SceneDelegate.swift in Sources */ = {isa = PBXBuildFile; fileRef = FFD977CC2A2235B500846769 /* SceneDelegate.swift */; };
		FFD977CF2A2235B500846769 /* HomeVC.swift in Sources */ = {isa = PBXBuildFile; fileRef = FFD977CE2A2235B500846769 /* HomeVC.swift */; };
		FFD977D22A2235B500846769 /* Main.storyboard in Resources */ = {isa = PBXBuildFile; fileRef = FFD977D02A2235B500846769 /* Main.storyboard */; };
		FFD977D42A2235B600846769 /* Assets.xcassets in Resources */ = {isa = PBXBuildFile; fileRef = FFD977D32A2235B600846769 /* Assets.xcassets */; };
		FFD977D72A2235B600846769 /* LaunchScreen.storyboard in Resources */ = {isa = PBXBuildFile; fileRef = FFD977D52A2235B600846769 /* LaunchScreen.storyboard */; };
		FFD977E22A2235B600846769 /* finalTests.swift in Sources */ = {isa = PBXBuildFile; fileRef = FFD977E12A2235B600846769 /* finalTests.swift */; };
		FFD977EC2A2235B600846769 /* finalUITests.swift in Sources */ = {isa = PBXBuildFile; fileRef = FFD977EB2A2235B600846769 /* finalUITests.swift */; };
		FFD977EE2A2235B600846769 /* finalUITestsLaunchTests.swift in Sources */ = {isa = PBXBuildFile; fileRef = FFD977ED2A2235B600846769 /* finalUITestsLaunchTests.swift */; };
		FFD977FB2A22369400846769 /* SetLoginVC.swift in Sources */ = {isa = PBXBuildFile; fileRef = FFD977FA2A22369400846769 /* SetLoginVC.swift */; };
		FFD977FF2A22692400846769 /* ContactsData.swift in Sources */ = {isa = PBXBuildFile; fileRef = FFD977FE2A22692400846769 /* ContactsData.swift */; };
/* End PBXBuildFile section */

/* Begin PBXContainerItemProxy section */
		FFD977DE2A2235B600846769 /* PBXContainerItemProxy */ = {
			isa = PBXContainerItemProxy;
			containerPortal = FFD977BF2A2235B500846769 /* Project object */;
			proxyType = 1;
			remoteGlobalIDString = FFD977C62A2235B500846769;
			remoteInfo = final;
		};
		FFD977E82A2235B600846769 /* PBXContainerItemProxy */ = {
			isa = PBXContainerItemProxy;
			containerPortal = FFD977BF2A2235B500846769 /* Project object */;
			proxyType = 1;
			remoteGlobalIDString = FFD977C62A2235B500846769;
			remoteInfo = final;
		};
/* End PBXContainerItemProxy section */

/* Begin PBXFileReference section */
		054E06055AB43EE96DD2DEF1 /* Pods-finalTests.release.xcconfig */ = {isa = PBXFileReference; includeInIndex = 1; lastKnownFileType = text.xcconfig; name = "Pods-finalTests.release.xcconfig"; path = "Target Support Files/Pods-finalTests/Pods-finalTests.release.xcconfig"; sourceTree = "<group>"; };
		1360FCE726D47AFD46216CDE /* Pods_final_finalUITests.framework */ = {isa = PBXFileReference; explicitFileType = wrapper.framework; includeInIndex = 0; path = Pods_final_finalUITests.framework; sourceTree = BUILT_PRODUCTS_DIR; };
		3144DF83BE16EDE64E4EB95F /* Pods-final.release.xcconfig */ = {isa = PBXFileReference; includeInIndex = 1; lastKnownFileType = text.xcconfig; name = "Pods-final.release.xcconfig"; path = "Target Support Files/Pods-final/Pods-final.release.xcconfig"; sourceTree = "<group>"; };
		31E61481BEC82BC611D6C228 /* Pods-final.debug.xcconfig */ = {isa = PBXFileReference; includeInIndex = 1; lastKnownFileType = text.xcconfig; name = "Pods-final.debug.xcconfig"; path = "Target Support Files/Pods-final/Pods-final.debug.xcconfig"; sourceTree = "<group>"; };
		478C5DBC30785E61BD66D124 /* Pods-finalTests.debug.xcconfig */ = {isa = PBXFileReference; includeInIndex = 1; lastKnownFileType = text.xcconfig; name = "Pods-finalTests.debug.xcconfig"; path = "Target Support Files/Pods-finalTests/Pods-finalTests.debug.xcconfig"; sourceTree = "<group>"; };
		6D0676B0E83BCEF9528B973A /* Pods-final-finalUITests.release.xcconfig */ = {isa = PBXFileReference; includeInIndex = 1; lastKnownFileType = text.xcconfig; name = "Pods-final-finalUITests.release.xcconfig"; path = "Target Support Files/Pods-final-finalUITests/Pods-final-finalUITests.release.xcconfig"; sourceTree = "<group>"; };
		779BE3E8EB55BEAB3A289A21 /* Pods-final-finalUITests.debug.xcconfig */ = {isa = PBXFileReference; includeInIndex = 1; lastKnownFileType = text.xcconfig; name = "Pods-final-finalUITests.debug.xcconfig"; path = "Target Support Files/Pods-final-finalUITests/Pods-final-finalUITests.debug.xcconfig"; sourceTree = "<group>"; };
		BBCC518BDAF2CC2652DFB46D /* Pods_finalTests.framework */ = {isa = PBXFileReference; explicitFileType = wrapper.framework; includeInIndex = 0; path = Pods_finalTests.framework; sourceTree = BUILT_PRODUCTS_DIR; };
		CBCFB35C9CDD5785B9F0BC91 /* Pods_final.framework */ = {isa = PBXFileReference; explicitFileType = wrapper.framework; includeInIndex = 0; path = Pods_final.framework; sourceTree = BUILT_PRODUCTS_DIR; };
		FF8893132A22D6F900FAB79B /* ContactsVC.swift */ = {isa = PBXFileReference; lastKnownFileType = sourcecode.swift; path = ContactsVC.swift; sourceTree = "<group>"; };
		FF8893152A22E5B700FAB79B /* TabVC.swift */ = {isa = PBXFileReference; lastKnownFileType = sourcecode.swift; path = TabVC.swift; sourceTree = "<group>"; };
		FF8893172A22E87600FAB79B /* ContactsCell.swift */ = {isa = PBXFileReference; lastKnownFileType = sourcecode.swift; path = ContactsCell.swift; sourceTree = "<group>"; };
		FFD977C72A2235B500846769 /* final.app */ = {isa = PBXFileReference; explicitFileType = wrapper.application; includeInIndex = 0; path = final.app; sourceTree = BUILT_PRODUCTS_DIR; };
		FFD977CA2A2235B500846769 /* AppDelegate.swift */ = {isa = PBXFileReference; lastKnownFileType = sourcecode.swift; path = AppDelegate.swift; sourceTree = "<group>"; };
		FFD977CC2A2235B500846769 /* SceneDelegate.swift */ = {isa = PBXFileReference; lastKnownFileType = sourcecode.swift; path = SceneDelegate.swift; sourceTree = "<group>"; };
		FFD977CE2A2235B500846769 /* HomeVC.swift */ = {isa = PBXFileReference; lastKnownFileType = sourcecode.swift; path = HomeVC.swift; sourceTree = "<group>"; };
		FFD977D12A2235B500846769 /* Base */ = {isa = PBXFileReference; lastKnownFileType = file.storyboard; name = Base; path = Base.lproj/Main.storyboard; sourceTree = "<group>"; };
		FFD977D32A2235B600846769 /* Assets.xcassets */ = {isa = PBXFileReference; lastKnownFileType = folder.assetcatalog; path = Assets.xcassets; sourceTree = "<group>"; };
		FFD977D62A2235B600846769 /* Base */ = {isa = PBXFileReference; lastKnownFileType = file.storyboard; name = Base; path = Base.lproj/LaunchScreen.storyboard; sourceTree = "<group>"; };
		FFD977D82A2235B600846769 /* Info.plist */ = {isa = PBXFileReference; lastKnownFileType = text.plist.xml; path = Info.plist; sourceTree = "<group>"; };
		FFD977DD2A2235B600846769 /* finalTests.xctest */ = {isa = PBXFileReference; explicitFileType = wrapper.cfbundle; includeInIndex = 0; path = finalTests.xctest; sourceTree = BUILT_PRODUCTS_DIR; };
		FFD977E12A2235B600846769 /* finalTests.swift */ = {isa = PBXFileReference; lastKnownFileType = sourcecode.swift; path = finalTests.swift; sourceTree = "<group>"; };
		FFD977E72A2235B600846769 /* finalUITests.xctest */ = {isa = PBXFileReference; explicitFileType = wrapper.cfbundle; includeInIndex = 0; path = finalUITests.xctest; sourceTree = BUILT_PRODUCTS_DIR; };
		FFD977EB2A2235B600846769 /* finalUITests.swift */ = {isa = PBXFileReference; lastKnownFileType = sourcecode.swift; path = finalUITests.swift; sourceTree = "<group>"; };
		FFD977ED2A2235B600846769 /* finalUITestsLaunchTests.swift */ = {isa = PBXFileReference; lastKnownFileType = sourcecode.swift; path = finalUITestsLaunchTests.swift; sourceTree = "<group>"; };
		FFD977FA2A22369400846769 /* SetLoginVC.swift */ = {isa = PBXFileReference; lastKnownFileType = sourcecode.swift; path = SetLoginVC.swift; sourceTree = "<group>"; };
		FFD977FE2A22692400846769 /* ContactsData.swift */ = {isa = PBXFileReference; lastKnownFileType = sourcecode.swift; path = ContactsData.swift; sourceTree = "<group>"; };
/* End PBXFileReference section */

/* Begin PBXFrameworksBuildPhase section */
		FFD977C42A2235B500846769 /* Frameworks */ = {
			isa = PBXFrameworksBuildPhase;
			buildActionMask = 2147483647;
			files = (
				FFB278F87B2EB167AB697CDA /* Pods_final.framework in Frameworks */,
			);
			runOnlyForDeploymentPostprocessing = 0;
		};
		FFD977DA2A2235B600846769 /* Frameworks */ = {
			isa = PBXFrameworksBuildPhase;
			buildActionMask = 2147483647;
			files = (
				805E54E33B4E05A58275CDBB /* Pods_finalTests.framework in Frameworks */,
			);
			runOnlyForDeploymentPostprocessing = 0;
		};
		FFD977E42A2235B600846769 /* Frameworks */ = {
			isa = PBXFrameworksBuildPhase;
			buildActionMask = 2147483647;
			files = (
				C8F010BDFE3CA0CFF6238210 /* Pods_final_finalUITests.framework in Frameworks */,
			);
			runOnlyForDeploymentPostprocessing = 0;
		};
/* End PBXFrameworksBuildPhase section */

/* Begin PBXGroup section */
		50C764411FC839D6868ABBD7 /* Frameworks */ = {
			isa = PBXGroup;
			children = (
				CBCFB35C9CDD5785B9F0BC91 /* Pods_final.framework */,
				1360FCE726D47AFD46216CDE /* Pods_final_finalUITests.framework */,
				BBCC518BDAF2CC2652DFB46D /* Pods_finalTests.framework */,
			);
			name = Frameworks;
			sourceTree = "<group>";
		};
		5F1E391E1C2767A59CB54FB7 /* Pods */ = {
			isa = PBXGroup;
			children = (
				31E61481BEC82BC611D6C228 /* Pods-final.debug.xcconfig */,
				3144DF83BE16EDE64E4EB95F /* Pods-final.release.xcconfig */,
				779BE3E8EB55BEAB3A289A21 /* Pods-final-finalUITests.debug.xcconfig */,
				6D0676B0E83BCEF9528B973A /* Pods-final-finalUITests.release.xcconfig */,
				478C5DBC30785E61BD66D124 /* Pods-finalTests.debug.xcconfig */,
				054E06055AB43EE96DD2DEF1 /* Pods-finalTests.release.xcconfig */,
			);
			path = Pods;
			sourceTree = "<group>";
		};
		FFD977BE2A2235B500846769 = {
			isa = PBXGroup;
			children = (
				FFD977C92A2235B500846769 /* final */,
				FFD977E02A2235B600846769 /* finalTests */,
				FFD977EA2A2235B600846769 /* finalUITests */,
				FFD977C82A2235B500846769 /* Products */,
				5F1E391E1C2767A59CB54FB7 /* Pods */,
				50C764411FC839D6868ABBD7 /* Frameworks */,
			);
			sourceTree = "<group>";
		};
		FFD977C82A2235B500846769 /* Products */ = {
			isa = PBXGroup;
			children = (
				FFD977C72A2235B500846769 /* final.app */,
				FFD977DD2A2235B600846769 /* finalTests.xctest */,
				FFD977E72A2235B600846769 /* finalUITests.xctest */,
			);
			name = Products;
			sourceTree = "<group>";
		};
		FFD977C92A2235B500846769 /* final */ = {
			isa = PBXGroup;
			children = (
				FFD977CA2A2235B500846769 /* AppDelegate.swift */,
				FFD977CC2A2235B500846769 /* SceneDelegate.swift */,
				FFD977CE2A2235B500846769 /* HomeVC.swift */,
				FFD977FA2A22369400846769 /* SetLoginVC.swift */,
				FFD977D02A2235B500846769 /* Main.storyboard */,
				FF8893152A22E5B700FAB79B /* TabVC.swift */,
				FFD977FE2A22692400846769 /* ContactsData.swift */,
				FF8893132A22D6F900FAB79B /* ContactsVC.swift */,
				FF8893172A22E87600FAB79B /* ContactsCell.swift */,
				FFD977D32A2235B600846769 /* Assets.xcassets */,
				FFD977D52A2235B600846769 /* LaunchScreen.storyboard */,
				FFD977D82A2235B600846769 /* Info.plist */,
			);
			path = final;
			sourceTree = "<group>";
		};
		FFD977E02A2235B600846769 /* finalTests */ = {
			isa = PBXGroup;
			children = (
				FFD977E12A2235B600846769 /* finalTests.swift */,
			);
			path = finalTests;
			sourceTree = "<group>";
		};
		FFD977EA2A2235B600846769 /* finalUITests */ = {
			isa = PBXGroup;
			children = (
				FFD977EB2A2235B600846769 /* finalUITests.swift */,
				FFD977ED2A2235B600846769 /* finalUITestsLaunchTests.swift */,
			);
			path = finalUITests;
			sourceTree = "<group>";
		};
/* End PBXGroup section */

/* Begin PBXNativeTarget section */
		FFD977C62A2235B500846769 /* final */ = {
			isa = PBXNativeTarget;
			buildConfigurationList = FFD977F12A2235B600846769 /* Build configuration list for PBXNativeTarget "final" */;
			buildPhases = (
				42A0B719391AFC1EEE417BF2 /* [CP] Check Pods Manifest.lock */,
				FFD977C32A2235B500846769 /* Sources */,
				FFD977C42A2235B500846769 /* Frameworks */,
				FFD977C52A2235B500846769 /* Resources */,
				BE7B364415639E0CF1B9EE8F /* [CP] Embed Pods Frameworks */,
			);
			buildRules = (
			);
			dependencies = (
			);
			name = final;
			productName = final;
			productReference = FFD977C72A2235B500846769 /* final.app */;
			productType = "com.apple.product-type.application";
		};
		FFD977DC2A2235B600846769 /* finalTests */ = {
			isa = PBXNativeTarget;
			buildConfigurationList = FFD977F42A2235B600846769 /* Build configuration list for PBXNativeTarget "finalTests" */;
			buildPhases = (
				19163FB287FA9739175CAF87 /* [CP] Check Pods Manifest.lock */,
				FFD977D92A2235B600846769 /* Sources */,
				FFD977DA2A2235B600846769 /* Frameworks */,
				FFD977DB2A2235B600846769 /* Resources */,
			);
			buildRules = (
			);
			dependencies = (
				FFD977DF2A2235B600846769 /* PBXTargetDependency */,
			);
			name = finalTests;
			productName = finalTests;
			productReference = FFD977DD2A2235B600846769 /* finalTests.xctest */;
			productType = "com.apple.product-type.bundle.unit-test";
		};
		FFD977E62A2235B600846769 /* finalUITests */ = {
			isa = PBXNativeTarget;
			buildConfigurationList = FFD977F72A2235B600846769 /* Build configuration list for PBXNativeTarget "finalUITests" */;
			buildPhases = (
				EDBD3D3ADEDC73B6DC01E07D /* [CP] Check Pods Manifest.lock */,
				FFD977E32A2235B600846769 /* Sources */,
				FFD977E42A2235B600846769 /* Frameworks */,
				FFD977E52A2235B600846769 /* Resources */,
				055D6A6D4E0988028D0B0D7E /* [CP] Embed Pods Frameworks */,
			);
			buildRules = (
			);
			dependencies = (
				FFD977E92A2235B600846769 /* PBXTargetDependency */,
			);
			name = finalUITests;
			productName = finalUITests;
			productReference = FFD977E72A2235B600846769 /* finalUITests.xctest */;
			productType = "com.apple.product-type.bundle.ui-testing";
		};
/* End PBXNativeTarget section */

/* Begin PBXProject section */
		FFD977BF2A2235B500846769 /* Project object */ = {
			isa = PBXProject;
			attributes = {
				BuildIndependentTargetsInParallel = 1;
				LastSwiftUpdateCheck = 1430;
				LastUpgradeCheck = 1430;
				TargetAttributes = {
					FFD977C62A2235B500846769 = {
						CreatedOnToolsVersion = 14.3;
					};
					FFD977DC2A2235B600846769 = {
						CreatedOnToolsVersion = 14.3;
						TestTargetID = FFD977C62A2235B500846769;
					};
					FFD977E62A2235B600846769 = {
						CreatedOnToolsVersion = 14.3;
						TestTargetID = FFD977C62A2235B500846769;
					};
				};
			};
			buildConfigurationList = FFD977C22A2235B500846769 /* Build configuration list for PBXProject "final" */;
			compatibilityVersion = "Xcode 14.0";
			developmentRegion = en;
			hasScannedForEncodings = 0;
			knownRegions = (
				en,
				Base,
			);
			mainGroup = FFD977BE2A2235B500846769;
			productRefGroup = FFD977C82A2235B500846769 /* Products */;
			projectDirPath = "";
			projectRoot = "";
			targets = (
				FFD977C62A2235B500846769 /* final */,
				FFD977DC2A2235B600846769 /* finalTests */,
				FFD977E62A2235B600846769 /* finalUITests */,
			);
		};
/* End PBXProject section */

/* Begin PBXResourcesBuildPhase section */
		FFD977C52A2235B500846769 /* Resources */ = {
			isa = PBXResourcesBuildPhase;
			buildActionMask = 2147483647;
			files = (
				FFD977D72A2235B600846769 /* LaunchScreen.storyboard in Resources */,
				FFD977D42A2235B600846769 /* Assets.xcassets in Resources */,
				FFD977D22A2235B500846769 /* Main.storyboard in Resources */,
			);
			runOnlyForDeploymentPostprocessing = 0;
		};
		FFD977DB2A2235B600846769 /* Resources */ = {
			isa = PBXResourcesBuildPhase;
			buildActionMask = 2147483647;
			files = (
			);
			runOnlyForDeploymentPostprocessing = 0;
		};
		FFD977E52A2235B600846769 /* Resources */ = {
			isa = PBXResourcesBuildPhase;
			buildActionMask = 2147483647;
			files = (
			);
			runOnlyForDeploymentPostprocessing = 0;
		};
/* End PBXResourcesBuildPhase section */

/* Begin PBXShellScriptBuildPhase section */
		055D6A6D4E0988028D0B0D7E /* [CP] Embed Pods Frameworks */ = {
			isa = PBXShellScriptBuildPhase;
			buildActionMask = 2147483647;
			files = (
			);
			inputFileListPaths = (
				"${PODS_ROOT}/Target Support Files/Pods-final-finalUITests/Pods-final-finalUITests-frameworks-${CONFIGURATION}-input-files.xcfilelist",
			);
			name = "[CP] Embed Pods Frameworks";
			outputFileListPaths = (
				"${PODS_ROOT}/Target Support Files/Pods-final-finalUITests/Pods-final-finalUITests-frameworks-${CONFIGURATION}-output-files.xcfilelist",
			);
			runOnlyForDeploymentPostprocessing = 0;
			shellPath = /bin/sh;
			shellScript = "\"${PODS_ROOT}/Target Support Files/Pods-final-finalUITests/Pods-final-finalUITests-frameworks.sh\"\n";
			showEnvVarsInLog = 0;
		};
		19163FB287FA9739175CAF87 /* [CP] Check Pods Manifest.lock */ = {
			isa = PBXShellScriptBuildPhase;
			buildActionMask = 2147483647;
			files = (
			);
			inputFileListPaths = (
			);
			inputPaths = (
				"${PODS_PODFILE_DIR_PATH}/Podfile.lock",
				"${PODS_ROOT}/Manifest.lock",
			);
			name = "[CP] Check Pods Manifest.lock";
			outputFileListPaths = (
			);
			outputPaths = (
				"$(DERIVED_FILE_DIR)/Pods-finalTests-checkManifestLockResult.txt",
			);
			runOnlyForDeploymentPostprocessing = 0;
			shellPath = /bin/sh;
			shellScript = "diff \"${PODS_PODFILE_DIR_PATH}/Podfile.lock\" \"${PODS_ROOT}/Manifest.lock\" > /dev/null\nif [ $? != 0 ] ; then\n    # print error to STDERR\n    echo \"error: The sandbox is not in sync with the Podfile.lock. Run 'pod install' or update your CocoaPods installation.\" >&2\n    exit 1\nfi\n# This output is used by Xcode 'outputs' to avoid re-running this script phase.\necho \"SUCCESS\" > \"${SCRIPT_OUTPUT_FILE_0}\"\n";
			showEnvVarsInLog = 0;
		};
		42A0B719391AFC1EEE417BF2 /* [CP] Check Pods Manifest.lock */ = {
			isa = PBXShellScriptBuildPhase;
			buildActionMask = 2147483647;
			files = (
			);
			inputFileListPaths = (
			);
			inputPaths = (
				"${PODS_PODFILE_DIR_PATH}/Podfile.lock",
				"${PODS_ROOT}/Manifest.lock",
			);
			name = "[CP] Check Pods Manifest.lock";
			outputFileListPaths = (
			);
			outputPaths = (
				"$(DERIVED_FILE_DIR)/Pods-final-checkManifestLockResult.txt",
			);
			runOnlyForDeploymentPostprocessing = 0;
			shellPath = /bin/sh;
			shellScript = "diff \"${PODS_PODFILE_DIR_PATH}/Podfile.lock\" \"${PODS_ROOT}/Manifest.lock\" > /dev/null\nif [ $? != 0 ] ; then\n    # print error to STDERR\n    echo \"error: The sandbox is not in sync with the Podfile.lock. Run 'pod install' or update your CocoaPods installation.\" >&2\n    exit 1\nfi\n# This output is used by Xcode 'outputs' to avoid re-running this script phase.\necho \"SUCCESS\" > \"${SCRIPT_OUTPUT_FILE_0}\"\n";
			showEnvVarsInLog = 0;
		};
		BE7B364415639E0CF1B9EE8F /* [CP] Embed Pods Frameworks */ = {
			isa = PBXShellScriptBuildPhase;
			buildActionMask = 2147483647;
			files = (
			);
			inputFileListPaths = (
				"${PODS_ROOT}/Target Support Files/Pods-final/Pods-final-frameworks-${CONFIGURATION}-input-files.xcfilelist",
			);
			name = "[CP] Embed Pods Frameworks";
			outputFileListPaths = (
				"${PODS_ROOT}/Target Support Files/Pods-final/Pods-final-frameworks-${CONFIGURATION}-output-files.xcfilelist",
			);
			runOnlyForDeploymentPostprocessing = 0;
			shellPath = /bin/sh;
			shellScript = "\"${PODS_ROOT}/Target Support Files/Pods-final/Pods-final-frameworks.sh\"\n";
			showEnvVarsInLog = 0;
		};
		EDBD3D3ADEDC73B6DC01E07D /* [CP] Check Pods Manifest.lock */ = {
			isa = PBXShellScriptBuildPhase;
			buildActionMask = 2147483647;
			files = (
			);
			inputFileListPaths = (
			);
			inputPaths = (
				"${PODS_PODFILE_DIR_PATH}/Podfile.lock",
				"${PODS_ROOT}/Manifest.lock",
			);
			name = "[CP] Check Pods Manifest.lock";
			outputFileListPaths = (
			);
			outputPaths = (
				"$(DERIVED_FILE_DIR)/Pods-final-finalUITests-checkManifestLockResult.txt",
			);
			runOnlyForDeploymentPostprocessing = 0;
			shellPath = /bin/sh;
			shellScript = "diff \"${PODS_PODFILE_DIR_PATH}/Podfile.lock\" \"${PODS_ROOT}/Manifest.lock\" > /dev/null\nif [ $? != 0 ] ; then\n    # print error to STDERR\n    echo \"error: The sandbox is not in sync with the Podfile.lock. Run 'pod install' or update your CocoaPods installation.\" >&2\n    exit 1\nfi\n# This output is used by Xcode 'outputs' to avoid re-running this script phase.\necho \"SUCCESS\" > \"${SCRIPT_OUTPUT_FILE_0}\"\n";
			showEnvVarsInLog = 0;
		};
/* End PBXShellScriptBuildPhase section */

/* Begin PBXSourcesBuildPhase section */
		FFD977C32A2235B500846769 /* Sources */ = {
			isa = PBXSourcesBuildPhase;
			buildActionMask = 2147483647;
			files = (
				FFD977CF2A2235B500846769 /* HomeVC.swift in Sources */,
				FFD977FB2A22369400846769 /* SetLoginVC.swift in Sources */,
				FF8893162A22E5B700FAB79B /* TabVC.swift in Sources */,
				FFD977FF2A22692400846769 /* ContactsData.swift in Sources */,
				FF8893182A22E87600FAB79B /* ContactsCell.swift in Sources */,
				FFD977CB2A2235B500846769 /* AppDelegate.swift in Sources */,
				FFD977CD2A2235B500846769 /* SceneDelegate.swift in Sources */,
				FF8893142A22D6F900FAB79B /* ContactsVC.swift in Sources */,
			);
			runOnlyForDeploymentPostprocessing = 0;
		};
		FFD977D92A2235B600846769 /* Sources */ = {
			isa = PBXSourcesBuildPhase;
			buildActionMask = 2147483647;
			files = (
				FFD977E22A2235B600846769 /* finalTests.swift in Sources */,
			);
			runOnlyForDeploymentPostprocessing = 0;
		};
		FFD977E32A2235B600846769 /* Sources */ = {
			isa = PBXSourcesBuildPhase;
			buildActionMask = 2147483647;
			files = (
				FFD977EC2A2235B600846769 /* finalUITests.swift in Sources */,
				FFD977EE2A2235B600846769 /* finalUITestsLaunchTests.swift in Sources */,
			);
			runOnlyForDeploymentPostprocessing = 0;
		};
/* End PBXSourcesBuildPhase section */

/* Begin PBXTargetDependency section */
		FFD977DF2A2235B600846769 /* PBXTargetDependency */ = {
			isa = PBXTargetDependency;
			target = FFD977C62A2235B500846769 /* final */;
			targetProxy = FFD977DE2A2235B600846769 /* PBXContainerItemProxy */;
		};
		FFD977E92A2235B600846769 /* PBXTargetDependency */ = {
			isa = PBXTargetDependency;
			target = FFD977C62A2235B500846769 /* final */;
			targetProxy = FFD977E82A2235B600846769 /* PBXContainerItemProxy */;
		};
/* End PBXTargetDependency section */

/* Begin PBXVariantGroup section */
		FFD977D02A2235B500846769 /* Main.storyboard */ = {
			isa = PBXVariantGroup;
			children = (
				FFD977D12A2235B500846769 /* Base */,
			);
			name = Main.storyboard;
			sourceTree = "<group>";
		};
		FFD977D52A2235B600846769 /* LaunchScreen.storyboard */ = {
			isa = PBXVariantGroup;
			children = (
				FFD977D62A2235B600846769 /* Base */,
			);
			name = LaunchScreen.storyboard;
			sourceTree = "<group>";
		};
/* End PBXVariantGroup section */

/* Begin XCBuildConfiguration section */
		FFD977EF2A2235B600846769 /* Debug */ = {
			isa = XCBuildConfiguration;
			buildSettings = {
				ALWAYS_SEARCH_USER_PATHS = NO;
				CLANG_ANALYZER_NONNULL = YES;
				CLANG_ANALYZER_NUMBER_OBJECT_CONVERSION = YES_AGGRESSIVE;
				CLANG_CXX_LANGUAGE_STANDARD = "gnu++20";
				CLANG_ENABLE_MODULES = YES;
				CLANG_ENABLE_OBJC_ARC = YES;
				CLANG_ENABLE_OBJC_WEAK = YES;
				CLANG_WARN_BLOCK_CAPTURE_AUTORELEASING = YES;
				CLANG_WARN_BOOL_CONVERSION = YES;
				CLANG_WARN_COMMA = YES;
				CLANG_WARN_CONSTANT_CONVERSION = YES;
				CLANG_WARN_DEPRECATED_OBJC_IMPLEMENTATIONS = YES;
				CLANG_WARN_DIRECT_OBJC_ISA_USAGE = YES_ERROR;
				CLANG_WARN_DOCUMENTATION_COMMENTS = YES;
				CLANG_WARN_EMPTY_BODY = YES;
				CLANG_WARN_ENUM_CONVERSION = YES;
				CLANG_WARN_INFINITE_RECURSION = YES;
				CLANG_WARN_INT_CONVERSION = YES;
				CLANG_WARN_NON_LITERAL_NULL_CONVERSION = YES;
				CLANG_WARN_OBJC_IMPLICIT_RETAIN_SELF = YES;
				CLANG_WARN_OBJC_LITERAL_CONVERSION = YES;
				CLANG_WARN_OBJC_ROOT_CLASS = YES_ERROR;
				CLANG_WARN_QUOTED_INCLUDE_IN_FRAMEWORK_HEADER = YES;
				CLANG_WARN_RANGE_LOOP_ANALYSIS = YES;
				CLANG_WARN_STRICT_PROTOTYPES = YES;
				CLANG_WARN_SUSPICIOUS_MOVE = YES;
				CLANG_WARN_UNGUARDED_AVAILABILITY = YES_AGGRESSIVE;
				CLANG_WARN_UNREACHABLE_CODE = YES;
				CLANG_WARN__DUPLICATE_METHOD_MATCH = YES;
				COPY_PHASE_STRIP = NO;
				DEBUG_INFORMATION_FORMAT = dwarf;
				ENABLE_STRICT_OBJC_MSGSEND = YES;
				ENABLE_TESTABILITY = YES;
				GCC_C_LANGUAGE_STANDARD = gnu11;
				GCC_DYNAMIC_NO_PIC = NO;
				GCC_NO_COMMON_BLOCKS = YES;
				GCC_OPTIMIZATION_LEVEL = 0;
				GCC_PREPROCESSOR_DEFINITIONS = (
					"DEBUG=1",
					"$(inherited)",
				);
				GCC_WARN_64_TO_32_BIT_CONVERSION = YES;
				GCC_WARN_ABOUT_RETURN_TYPE = YES_ERROR;
				GCC_WARN_UNDECLARED_SELECTOR = YES;
				GCC_WARN_UNINITIALIZED_AUTOS = YES_AGGRESSIVE;
				GCC_WARN_UNUSED_FUNCTION = YES;
				GCC_WARN_UNUSED_VARIABLE = YES;
				IPHONEOS_DEPLOYMENT_TARGET = 16.4;
				MTL_ENABLE_DEBUG_INFO = INCLUDE_SOURCE;
				MTL_FAST_MATH = YES;
				ONLY_ACTIVE_ARCH = YES;
				SDKROOT = iphoneos;
				SWIFT_ACTIVE_COMPILATION_CONDITIONS = DEBUG;
				SWIFT_OPTIMIZATION_LEVEL = "-Onone";
			};
			name = Debug;
		};
		FFD977F02A2235B600846769 /* Release */ = {
			isa = XCBuildConfiguration;
			buildSettings = {
				ALWAYS_SEARCH_USER_PATHS = NO;
				CLANG_ANALYZER_NONNULL = YES;
				CLANG_ANALYZER_NUMBER_OBJECT_CONVERSION = YES_AGGRESSIVE;
				CLANG_CXX_LANGUAGE_STANDARD = "gnu++20";
				CLANG_ENABLE_MODULES = YES;
				CLANG_ENABLE_OBJC_ARC = YES;
				CLANG_ENABLE_OBJC_WEAK = YES;
				CLANG_WARN_BLOCK_CAPTURE_AUTORELEASING = YES;
				CLANG_WARN_BOOL_CONVERSION = YES;
				CLANG_WARN_COMMA = YES;
				CLANG_WARN_CONSTANT_CONVERSION = YES;
				CLANG_WARN_DEPRECATED_OBJC_IMPLEMENTATIONS = YES;
				CLANG_WARN_DIRECT_OBJC_ISA_USAGE = YES_ERROR;
				CLANG_WARN_DOCUMENTATION_COMMENTS = YES;
				CLANG_WARN_EMPTY_BODY = YES;
				CLANG_WARN_ENUM_CONVERSION = YES;
				CLANG_WARN_INFINITE_RECURSION = YES;
				CLANG_WARN_INT_CONVERSION = YES;
				CLANG_WARN_NON_LITERAL_NULL_CONVERSION = YES;
				CLANG_WARN_OBJC_IMPLICIT_RETAIN_SELF = YES;
				CLANG_WARN_OBJC_LITERAL_CONVERSION = YES;
				CLANG_WARN_OBJC_ROOT_CLASS = YES_ERROR;
				CLANG_WARN_QUOTED_INCLUDE_IN_FRAMEWORK_HEADER = YES;
				CLANG_WARN_RANGE_LOOP_ANALYSIS = YES;
				CLANG_WARN_STRICT_PROTOTYPES = YES;
				CLANG_WARN_SUSPICIOUS_MOVE = YES;
				CLANG_WARN_UNGUARDED_AVAILABILITY = YES_AGGRESSIVE;
				CLANG_WARN_UNREACHABLE_CODE = YES;
				CLANG_WARN__DUPLICATE_METHOD_MATCH = YES;
				COPY_PHASE_STRIP = NO;
				DEBUG_INFORMATION_FORMAT = "dwarf-with-dsym";
				ENABLE_NS_ASSERTIONS = NO;
				ENABLE_STRICT_OBJC_MSGSEND = YES;
				GCC_C_LANGUAGE_STANDARD = gnu11;
				GCC_NO_COMMON_BLOCKS = YES;
				GCC_WARN_64_TO_32_BIT_CONVERSION = YES;
				GCC_WARN_ABOUT_RETURN_TYPE = YES_ERROR;
				GCC_WARN_UNDECLARED_SELECTOR = YES;
				GCC_WARN_UNINITIALIZED_AUTOS = YES_AGGRESSIVE;
				GCC_WARN_UNUSED_FUNCTION = YES;
				GCC_WARN_UNUSED_VARIABLE = YES;
				IPHONEOS_DEPLOYMENT_TARGET = 16.4;
				MTL_ENABLE_DEBUG_INFO = NO;
				MTL_FAST_MATH = YES;
				SDKROOT = iphoneos;
				SWIFT_COMPILATION_MODE = wholemodule;
				SWIFT_OPTIMIZATION_LEVEL = "-O";
				VALIDATE_PRODUCT = YES;
			};
			name = Release;
		};
		FFD977F22A2235B600846769 /* Debug */ = {
			isa = XCBuildConfiguration;
			baseConfigurationReference = 31E61481BEC82BC611D6C228 /* Pods-final.debug.xcconfig */;
			buildSettings = {
				ASSETCATALOG_COMPILER_APPICON_NAME = AppIcon;
				ASSETCATALOG_COMPILER_GLOBAL_ACCENT_COLOR_NAME = AccentColor;
				CODE_SIGN_STYLE = Automatic;
				CURRENT_PROJECT_VERSION = 1;
				GENERATE_INFOPLIST_FILE = YES;
				INFOPLIST_FILE = final/Info.plist;
				INFOPLIST_KEY_UIApplicationSupportsIndirectInputEvents = YES;
				INFOPLIST_KEY_UILaunchStoryboardName = LaunchScreen;
				INFOPLIST_KEY_UIMainStoryboardFile = Main;
				INFOPLIST_KEY_UISupportedInterfaceOrientations_iPad = "UIInterfaceOrientationPortrait UIInterfaceOrientationPortraitUpsideDown UIInterfaceOrientationLandscapeLeft UIInterfaceOrientationLandscapeRight";
				INFOPLIST_KEY_UISupportedInterfaceOrientations_iPhone = "UIInterfaceOrientationPortrait UIInterfaceOrientationLandscapeLeft UIInterfaceOrientationLandscapeRight";
				LD_RUNPATH_SEARCH_PATHS = (
					"$(inherited)",
					"@executable_path/Frameworks",
				);
				MARKETING_VERSION = 1.0;
				PRODUCT_BUNDLE_IDENTIFIER = pr.final;
				PRODUCT_NAME = "$(TARGET_NAME)";
				SWIFT_EMIT_LOC_STRINGS = YES;
				SWIFT_VERSION = 5.0;
				TARGETED_DEVICE_FAMILY = "1,2";
			};
			name = Debug;
		};
		FFD977F32A2235B600846769 /* Release */ = {
			isa = XCBuildConfiguration;
			baseConfigurationReference = 3144DF83BE16EDE64E4EB95F /* Pods-final.release.xcconfig */;
			buildSettings = {
				ASSETCATALOG_COMPILER_APPICON_NAME = AppIcon;
				ASSETCATALOG_COMPILER_GLOBAL_ACCENT_COLOR_NAME = AccentColor;
				CODE_SIGN_STYLE = Automatic;
				CURRENT_PROJECT_VERSION = 1;
				GENERATE_INFOPLIST_FILE = YES;
				INFOPLIST_FILE = final/Info.plist;
				INFOPLIST_KEY_UIApplicationSupportsIndirectInputEvents = YES;
				INFOPLIST_KEY_UILaunchStoryboardName = LaunchScreen;
				INFOPLIST_KEY_UIMainStoryboardFile = Main;
				INFOPLIST_KEY_UISupportedInterfaceOrientations_iPad = "UIInterfaceOrientationPortrait UIInterfaceOrientationPortraitUpsideDown UIInterfaceOrientationLandscapeLeft UIInterfaceOrientationLandscapeRight";
				INFOPLIST_KEY_UISupportedInterfaceOrientations_iPhone = "UIInterfaceOrientationPortrait UIInterfaceOrientationLandscapeLeft UIInterfaceOrientationLandscapeRight";
				LD_RUNPATH_SEARCH_PATHS = (
					"$(inherited)",
					"@executable_path/Frameworks",
				);
				MARKETING_VERSION = 1.0;
				PRODUCT_BUNDLE_IDENTIFIER = pr.final;
				PRODUCT_NAME = "$(TARGET_NAME)";
				SWIFT_EMIT_LOC_STRINGS = YES;
				SWIFT_VERSION = 5.0;
				TARGETED_DEVICE_FAMILY = "1,2";
			};
			name = Release;
		};
		FFD977F52A2235B600846769 /* Debug */ = {
			isa = XCBuildConfiguration;
			baseConfigurationReference = 478C5DBC30785E61BD66D124 /* Pods-finalTests.debug.xcconfig */;
			buildSettings = {
				ALWAYS_EMBED_SWIFT_STANDARD_LIBRARIES = YES;
				BUNDLE_LOADER = "$(TEST_HOST)";
				CODE_SIGN_STYLE = Automatic;
				CURRENT_PROJECT_VERSION = 1;
				GENERATE_INFOPLIST_FILE = YES;
				IPHONEOS_DEPLOYMENT_TARGET = 16.4;
				MARKETING_VERSION = 1.0;
				PRODUCT_BUNDLE_IDENTIFIER = pr.finalTests;
				PRODUCT_NAME = "$(TARGET_NAME)";
				SWIFT_EMIT_LOC_STRINGS = NO;
				SWIFT_VERSION = 5.0;
				TARGETED_DEVICE_FAMILY = "1,2";
				TEST_HOST = "$(BUILT_PRODUCTS_DIR)/final.app/$(BUNDLE_EXECUTABLE_FOLDER_PATH)/final";
			};
			name = Debug;
		};
		FFD977F62A2235B600846769 /* Release */ = {
			isa = XCBuildConfiguration;
			baseConfigurationReference = 054E06055AB43EE96DD2DEF1 /* Pods-finalTests.release.xcconfig */;
			buildSettings = {
				ALWAYS_EMBED_SWIFT_STANDARD_LIBRARIES = YES;
				BUNDLE_LOADER = "$(TEST_HOST)";
				CODE_SIGN_STYLE = Automatic;
				CURRENT_PROJECT_VERSION = 1;
				GENERATE_INFOPLIST_FILE = YES;
				IPHONEOS_DEPLOYMENT_TARGET = 16.4;
				MARKETING_VERSION = 1.0;
				PRODUCT_BUNDLE_IDENTIFIER = pr.finalTests;
				PRODUCT_NAME = "$(TARGET_NAME)";
				SWIFT_EMIT_LOC_STRINGS = NO;
				SWIFT_VERSION = 5.0;
				TARGETED_DEVICE_FAMILY = "1,2";
				TEST_HOST = "$(BUILT_PRODUCTS_DIR)/final.app/$(BUNDLE_EXECUTABLE_FOLDER_PATH)/final";
			};
			name = Release;
		};
		FFD977F82A2235B600846769 /* Debug */ = {
			isa = XCBuildConfiguration;
			baseConfigurationReference = 779BE3E8EB55BEAB3A289A21 /* Pods-final-finalUITests.debug.xcconfig */;
			buildSettings = {
				ALWAYS_EMBED_SWIFT_STANDARD_LIBRARIES = YES;
				CODE_SIGN_STYLE = Automatic;
				CURRENT_PROJECT_VERSION = 1;
				GENERATE_INFOPLIST_FILE = YES;
				MARKETING_VERSION = 1.0;
				PRODUCT_BUNDLE_IDENTIFIER = pr.finalUITests;
				PRODUCT_NAME = "$(TARGET_NAME)";
				SWIFT_EMIT_LOC_STRINGS = NO;
				SWIFT_VERSION = 5.0;
				TARGETED_DEVICE_FAMILY = "1,2";
				TEST_TARGET_NAME = final;
			};
			name = Debug;
		};
		FFD977F92A2235B600846769 /* Release */ = {
			isa = XCBuildConfiguration;
			baseConfigurationReference = 6D0676B0E83BCEF9528B973A /* Pods-final-finalUITests.release.xcconfig */;
			buildSettings = {
				ALWAYS_EMBED_SWIFT_STANDARD_LIBRARIES = YES;
				CODE_SIGN_STYLE = Automatic;
				CURRENT_PROJECT_VERSION = 1;
				GENERATE_INFOPLIST_FILE = YES;
				MARKETING_VERSION = 1.0;
				PRODUCT_BUNDLE_IDENTIFIER = pr.finalUITests;
				PRODUCT_NAME = "$(TARGET_NAME)";
				SWIFT_EMIT_LOC_STRINGS = NO;
				SWIFT_VERSION = 5.0;
				TARGETED_DEVICE_FAMILY = "1,2";
				TEST_TARGET_NAME = final;
			};
			name = Release;
		};
/* End XCBuildConfiguration section */

/* Begin XCConfigurationList section */
		FFD977C22A2235B500846769 /* Build configuration list for PBXProject "final" */ = {
			isa = XCConfigurationList;
			buildConfigurations = (
				FFD977EF2A2235B600846769 /* Debug */,
				FFD977F02A2235B600846769 /* Release */,
			);
			defaultConfigurationIsVisible = 0;
			defaultConfigurationName = Release;
		};
		FFD977F12A2235B600846769 /* Build configuration list for PBXNativeTarget "final" */ = {
			isa = XCConfigurationList;
			buildConfigurations = (
				FFD977F22A2235B600846769 /* Debug */,
				FFD977F32A2235B600846769 /* Release */,
			);
			defaultConfigurationIsVisible = 0;
			defaultConfigurationName = Release;
		};
		FFD977F42A2235B600846769 /* Build configuration list for PBXNativeTarget "finalTests" */ = {
			isa = XCConfigurationList;
			buildConfigurations = (
				FFD977F52A2235B600846769 /* Debug */,
				FFD977F62A2235B600846769 /* Release */,
			);
			defaultConfigurationIsVisible = 0;
			defaultConfigurationName = Release;
		};
		FFD977F72A2235B600846769 /* Build configuration list for PBXNativeTarget "finalUITests" */ = {
			isa = XCConfigurationList;
			buildConfigurations = (
				FFD977F82A2235B600846769 /* Debug */,
				FFD977F92A2235B600846769 /* Release */,
			);
			defaultConfigurationIsVisible = 0;
			defaultConfigurationName = Release;
		};
/* End XCConfigurationList section */
	};
	rootObject = FFD977BF2A2235B500846769 /* Project object */;
}
